PODS:
  - Charts (3.6.0):
    - Charts/Core (= 3.6.0)
  - Charts/Core (3.6.0)

DEPENDENCIES:
  - Charts

SPEC REPOS:
  https://github.com/CocoaPods/Specs.git:
    - Charts

SPEC CHECKSUMS:
  Charts: b1e3a1f5a1c9ba5394438ca3b91bd8c9076310af

PODFILE CHECKSUM: 53b89a74822caeacf9db941103d6d875cdbfd8af

COCOAPODS: 1.11.3
